
Microsoft Visual Studio Solution File, Format Version 12.00
# Visual Studio Version 16
VisualStudioVersion = 16.0.29911.84
MinimumVisualStudioVersion = 10.0.40219.1
Project("{2150E333-8FDC-42A3-9474-1A3956D46DE8}") = "LegendPlugin", "LegendPlugin", "{8DEE9CBE-EB22-4409-936B-4C09C9E7004D}"
EndProject
Project("{FAE04EC0-301F-11D3-BF4B-00C04F79EFBC}") = "Brainiac Designer Base", "Brainiac Designer Base\Brainiac Designer Base.csproj", "{DE22E2F7-F314-458E-8D17-223CD099B2F0}"
EndProject
Project("{FAE04EC0-301F-11D3-BF4B-00C04F79EFBC}") = "LegendPlugin", "LegendPlugin\LegendPlugin.csproj", "{326CC795-9695-4B8E-9EB4-5C7EA28B0344}"
EndProject
Project("{2150E333-8FDC-42A3-9474-1A3956D46DE8}") = "Tools", "Tools", "{ECA92BDE-71AC-439F-80D5-4C10D2915CC5}"
EndProject
Project("{FAE04EC0-301F-11D3-BF4B-00C04F79EFBC}") = "NodeMaker", "NodeMaker\NodeMaker.csproj", "{EA02C64D-1E2B-468E-A53C-4DBCD3EF9FF3}"
EndProject
Project("{FAE04EC0-301F-11D3-BF4B-00C04F79EFBC}") = "OpenCAGE", "PackagingTool\OpenCAGE.csproj", "{2A7574E4-10AC-42AD-97DE-1CC56F49D2C5}"
	ProjectSection(ProjectDependencies) = postProject
		{8290C956-3875-43A1-8EFF-6788A5EE4B4A} = {8290C956-3875-43A1-8EFF-6788A5EE4B4A}
		{326CC795-9695-4B8E-9EB4-5C7EA28B0344} = {326CC795-9695-4B8E-9EB4-5C7EA28B0344}
		{C3D1DEAA-4369-4036-B35C-48BBB30BE87B} = {C3D1DEAA-4369-4036-B35C-48BBB30BE87B}
		{BEEB44C7-58E6-4B60-AE57-FB4B6C8BB43B} = {BEEB44C7-58E6-4B60-AE57-FB4B6C8BB43B}
	EndProjectSection
EndProject
Project("{2150E333-8FDC-42A3-9474-1A3956D46DE8}") = "Plugin", "Plugin", "{97E9DCB2-6CD9-4ADC-A562-DCF43ED94480}"
EndProject
Project("{2150E333-8FDC-42A3-9474-1A3956D46DE8}") = "Tools", "Tools", "{BA6C0547-E6F4-4BEC-AFB6-B0EDF4760FDB}"
EndProject
Project("{2150E333-8FDC-42A3-9474-1A3956D46DE8}") = "Brainiac Designer Prerequisites", "Brainiac Designer Prerequisites", "{E0045896-61F8-4AA2-8A03-C7D2F7E58809}"
EndProject
Project("{FAE04EC0-301F-11D3-BF4B-00C04F79EFBC}") = "Brainiac Exporter", "Brainiac Exporter\Brainiac Exporter.csproj", "{AFC4B37B-70E3-4F47-9503-48672B0081AB}"
EndProject
Project("{FAE04EC0-301F-11D3-BF4B-00C04F79EFBC}") = "WinFormsUI", "External\DockPanel\WinFormsUI\WinFormsUI.csproj", "{C75532C4-765B-418E-B09B-46D36B2ABDB1}"
EndProject
Project("{FAE04EC0-301F-11D3-BF4B-00C04F79EFBC}") = "Brainiac Designer", "Brainiac Designer\Brainiac Designer.csproj", "{BEEB44C7-58E6-4B60-AE57-FB4B6C8BB43B}"
EndProject
Project("{FAE04EC0-301F-11D3-BF4B-00C04F79EFBC}") = "Updater", "Updater\Updater.csproj", "{C3D1DEAA-4369-4036-B35C-48BBB30BE87B}"
EndProject
Project("{FAE04EC0-301F-11D3-BF4B-00C04F79EFBC}") = "Packager", "Packager\Packager.csproj", "{8290C956-3875-43A1-8EFF-6788A5EE4B4A}"
EndProject
Global
	GlobalSection(SolutionConfigurationPlatforms) = preSolution
		Debug|Any CPU = Debug|Any CPU
		Debug|Mixed Platforms = Debug|Mixed Platforms
		Debug|Win32 = Debug|Win32
		Debug|x64 = Debug|x64
		Release|Any CPU = Release|Any CPU
		Release|Mixed Platforms = Release|Mixed Platforms
		Release|Win32 = Release|Win32
		Release|x64 = Release|x64
	EndGlobalSection
	GlobalSection(ProjectConfigurationPlatforms) = postSolution
		{DE22E2F7-F314-458E-8D17-223CD099B2F0}.Debug|Any CPU.ActiveCfg = Debug|Any CPU
		{DE22E2F7-F314-458E-8D17-223CD099B2F0}.Debug|Any CPU.Build.0 = Debug|Any CPU
		{DE22E2F7-F314-458E-8D17-223CD099B2F0}.Debug|Mixed Platforms.ActiveCfg = Debug|Any CPU
		{DE22E2F7-F314-458E-8D17-223CD099B2F0}.Debug|Mixed Platforms.Build.0 = Debug|Any CPU
		{DE22E2F7-F314-458E-8D17-223CD099B2F0}.Debug|Win32.ActiveCfg = Debug|Any CPU
		{DE22E2F7-F314-458E-8D17-223CD099B2F0}.Debug|Win32.Build.0 = Debug|Any CPU
		{DE22E2F7-F314-458E-8D17-223CD099B2F0}.Debug|x64.ActiveCfg = Debug|Any CPU
		{DE22E2F7-F314-458E-8D17-223CD099B2F0}.Debug|x64.Build.0 = Debug|Any CPU
		{DE22E2F7-F314-458E-8D17-223CD099B2F0}.Release|Any CPU.ActiveCfg = Release|Any CPU
		{DE22E2F7-F314-458E-8D17-223CD099B2F0}.Release|Any CPU.Build.0 = Release|Any CPU
		{DE22E2F7-F314-458E-8D17-223CD099B2F0}.Release|Mixed Platforms.ActiveCfg = Release|Any CPU
		{DE22E2F7-F314-458E-8D17-223CD099B2F0}.Release|Mixed Platforms.Build.0 = Release|Any CPU
		{DE22E2F7-F314-458E-8D17-223CD099B2F0}.Release|Win32.ActiveCfg = Release|Any CPU
		{DE22E2F7-F314-458E-8D17-223CD099B2F0}.Release|Win32.Build.0 = Release|Any CPU
		{DE22E2F7-F314-458E-8D17-223CD099B2F0}.Release|x64.ActiveCfg = Release|Any CPU
		{DE22E2F7-F314-458E-8D17-223CD099B2F0}.Release|x64.Build.0 = Release|Any CPU
		{326CC795-9695-4B8E-9EB4-5C7EA28B0344}.Debug|Any CPU.ActiveCfg = Debug|Any CPU
		{326CC795-9695-4B8E-9EB4-5C7EA28B0344}.Debug|Any CPU.Build.0 = Debug|Any CPU
		{326CC795-9695-4B8E-9EB4-5C7EA28B0344}.Debug|Mixed Platforms.ActiveCfg = Debug|Any CPU
		{326CC795-9695-4B8E-9EB4-5C7EA28B0344}.Debug|Mixed Platforms.Build.0 = Debug|Any CPU
		{326CC795-9695-4B8E-9EB4-5C7EA28B0344}.Debug|Win32.ActiveCfg = Debug|Any CPU
		{326CC795-9695-4B8E-9EB4-5C7EA28B0344}.Debug|Win32.Build.0 = Debug|Any CPU
		{326CC795-9695-4B8E-9EB4-5C7EA28B0344}.Debug|x64.ActiveCfg = Debug|Any CPU
		{326CC795-9695-4B8E-9EB4-5C7EA28B0344}.Debug|x64.Build.0 = Debug|Any CPU
		{326CC795-9695-4B8E-9EB4-5C7EA28B0344}.Release|Any CPU.ActiveCfg = Release|Any CPU
		{326CC795-9695-4B8E-9EB4-5C7EA28B0344}.Release|Any CPU.Build.0 = Release|Any CPU
		{326CC795-9695-4B8E-9EB4-5C7EA28B0344}.Release|Mixed Platforms.ActiveCfg = Release|Any CPU
		{326CC795-9695-4B8E-9EB4-5C7EA28B0344}.Release|Mixed Platforms.Build.0 = Release|Any CPU
		{326CC795-9695-4B8E-9EB4-5C7EA28B0344}.Release|Win32.ActiveCfg = Release|Any CPU
		{326CC795-9695-4B8E-9EB4-5C7EA28B0344}.Release|Win32.Build.0 = Release|Any CPU
		{326CC795-9695-4B8E-9EB4-5C7EA28B0344}.Release|x64.ActiveCfg = Release|Any CPU
		{326CC795-9695-4B8E-9EB4-5C7EA28B0344}.Release|x64.Build.0 = Release|Any CPU
		{EA02C64D-1E2B-468E-A53C-4DBCD3EF9FF3}.Debug|Any CPU.ActiveCfg = Debug|Any CPU
		{EA02C64D-1E2B-468E-A53C-4DBCD3EF9FF3}.Debug|Any CPU.Build.0 = Debug|Any CPU
		{EA02C64D-1E2B-468E-A53C-4DBCD3EF9FF3}.Debug|Mixed Platforms.ActiveCfg = Debug|Any CPU
		{EA02C64D-1E2B-468E-A53C-4DBCD3EF9FF3}.Debug|Mixed Platforms.Build.0 = Debug|Any CPU
		{EA02C64D-1E2B-468E-A53C-4DBCD3EF9FF3}.Debug|Win32.ActiveCfg = Debug|Any CPU
		{EA02C64D-1E2B-468E-A53C-4DBCD3EF9FF3}.Debug|Win32.Build.0 = Debug|Any CPU
		{EA02C64D-1E2B-468E-A53C-4DBCD3EF9FF3}.Debug|x64.ActiveCfg = Debug|Any CPU
		{EA02C64D-1E2B-468E-A53C-4DBCD3EF9FF3}.Debug|x64.Build.0 = Debug|Any CPU
		{EA02C64D-1E2B-468E-A53C-4DBCD3EF9FF3}.Release|Any CPU.ActiveCfg = Release|Any CPU
		{EA02C64D-1E2B-468E-A53C-4DBCD3EF9FF3}.Release|Any CPU.Build.0 = Release|Any CPU
		{EA02C64D-1E2B-468E-A53C-4DBCD3EF9FF3}.Release|Mixed Platforms.ActiveCfg = Release|Any CPU
		{EA02C64D-1E2B-468E-A53C-4DBCD3EF9FF3}.Release|Mixed Platforms.Build.0 = Release|Any CPU
		{EA02C64D-1E2B-468E-A53C-4DBCD3EF9FF3}.Release|Win32.ActiveCfg = Release|Any CPU
		{EA02C64D-1E2B-468E-A53C-4DBCD3EF9FF3}.Release|Win32.Build.0 = Release|Any CPU
		{EA02C64D-1E2B-468E-A53C-4DBCD3EF9FF3}.Release|x64.ActiveCfg = Release|Any CPU
		{EA02C64D-1E2B-468E-A53C-4DBCD3EF9FF3}.Release|x64.Build.0 = Release|Any CPU
		{2A7574E4-10AC-42AD-97DE-1CC56F49D2C5}.Debug|Any CPU.ActiveCfg = Debug|Any CPU
		{2A7574E4-10AC-42AD-97DE-1CC56F49D2C5}.Debug|Any CPU.Build.0 = Debug|Any CPU
		{2A7574E4-10AC-42AD-97DE-1CC56F49D2C5}.Debug|Mixed Platforms.ActiveCfg = Debug|Any CPU
		{2A7574E4-10AC-42AD-97DE-1CC56F49D2C5}.Debug|Mixed Platforms.Build.0 = Debug|Any CPU
		{2A7574E4-10AC-42AD-97DE-1CC56F49D2C5}.Debug|Win32.ActiveCfg = Debug|Any CPU
		{2A7574E4-10AC-42AD-97DE-1CC56F49D2C5}.Debug|Win32.Build.0 = Debug|Any CPU
		{2A7574E4-10AC-42AD-97DE-1CC56F49D2C5}.Debug|x64.ActiveCfg = Debug|Any CPU
		{2A7574E4-10AC-42AD-97DE-1CC56F49D2C5}.Debug|x64.Build.0 = Debug|Any CPU
		{2A7574E4-10AC-42AD-97DE-1CC56F49D2C5}.Release|Any CPU.ActiveCfg = Release|Any CPU
		{2A7574E4-10AC-42AD-97DE-1CC56F49D2C5}.Release|Any CPU.Build.0 = Release|Any CPU
		{2A7574E4-10AC-42AD-97DE-1CC56F49D2C5}.Release|Mixed Platforms.ActiveCfg = Release|Any CPU
		{2A7574E4-10AC-42AD-97DE-1CC56F49D2C5}.Release|Mixed Platforms.Build.0 = Release|Any CPU
		{2A7574E4-10AC-42AD-97DE-1CC56F49D2C5}.Release|Win32.ActiveCfg = Release|Any CPU
		{2A7574E4-10AC-42AD-97DE-1CC56F49D2C5}.Release|Win32.Build.0 = Release|Any CPU
		{2A7574E4-10AC-42AD-97DE-1CC56F49D2C5}.Release|x64.ActiveCfg = Release|Any CPU
		{2A7574E4-10AC-42AD-97DE-1CC56F49D2C5}.Release|x64.Build.0 = Release|Any CPU
		{AFC4B37B-70E3-4F47-9503-48672B0081AB}.Debug|Any CPU.ActiveCfg = Debug|Any CPU
		{AFC4B37B-70E3-4F47-9503-48672B0081AB}.Debug|Any CPU.Build.0 = Debug|Any CPU
		{AFC4B37B-70E3-4F47-9503-48672B0081AB}.Debug|Mixed Platforms.ActiveCfg = Debug|Any CPU
		{AFC4B37B-70E3-4F47-9503-48672B0081AB}.Debug|Mixed Platforms.Build.0 = Debug|Any CPU
		{AFC4B37B-70E3-4F47-9503-48672B0081AB}.Debug|Win32.ActiveCfg = Debug|Any CPU
		{AFC4B37B-70E3-4F47-9503-48672B0081AB}.Debug|Win32.Build.0 = Debug|Any CPU
		{AFC4B37B-70E3-4F47-9503-48672B0081AB}.Debug|x64.ActiveCfg = Debug|Any CPU
		{AFC4B37B-70E3-4F47-9503-48672B0081AB}.Debug|x64.Build.0 = Debug|Any CPU
		{AFC4B37B-70E3-4F47-9503-48672B0081AB}.Release|Any CPU.ActiveCfg = Release|Any CPU
		{AFC4B37B-70E3-4F47-9503-48672B0081AB}.Release|Any CPU.Build.0 = Release|Any CPU
		{AFC4B37B-70E3-4F47-9503-48672B0081AB}.Release|Mixed Platforms.ActiveCfg = Release|Any CPU
		{AFC4B37B-70E3-4F47-9503-48672B0081AB}.Release|Mixed Platforms.Build.0 = Release|Any CPU
		{AFC4B37B-70E3-4F47-9503-48672B0081AB}.Release|Win32.ActiveCfg = Release|Any CPU
		{AFC4B37B-70E3-4F47-9503-48672B0081AB}.Release|Win32.Build.0 = Release|Any CPU
		{AFC4B37B-70E3-4F47-9503-48672B0081AB}.Release|x64.ActiveCfg = Release|Any CPU
		{AFC4B37B-70E3-4F47-9503-48672B0081AB}.Release|x64.Build.0 = Release|Any CPU
		{C75532C4-765B-418E-B09B-46D36B2ABDB1}.Debug|Any CPU.ActiveCfg = Debug|Any CPU
		{C75532C4-765B-418E-B09B-46D36B2ABDB1}.Debug|Any CPU.Build.0 = Debug|Any CPU
		{C75532C4-765B-418E-B09B-46D36B2ABDB1}.Debug|Mixed Platforms.ActiveCfg = Debug|Any CPU
		{C75532C4-765B-418E-B09B-46D36B2ABDB1}.Debug|Mixed Platforms.Build.0 = Debug|Any CPU
		{C75532C4-765B-418E-B09B-46D36B2ABDB1}.Debug|Win32.ActiveCfg = Debug|Any CPU
		{C75532C4-765B-418E-B09B-46D36B2ABDB1}.Debug|Win32.Build.0 = Debug|Any CPU
		{C75532C4-765B-418E-B09B-46D36B2ABDB1}.Debug|x64.ActiveCfg = Debug|Any CPU
		{C75532C4-765B-418E-B09B-46D36B2ABDB1}.Debug|x64.Build.0 = Debug|Any CPU
		{C75532C4-765B-418E-B09B-46D36B2ABDB1}.Release|Any CPU.ActiveCfg = Release|Any CPU
		{C75532C4-765B-418E-B09B-46D36B2ABDB1}.Release|Any CPU.Build.0 = Release|Any CPU
		{C75532C4-765B-418E-B09B-46D36B2ABDB1}.Release|Mixed Platforms.ActiveCfg = Release|Any CPU
		{C75532C4-765B-418E-B09B-46D36B2ABDB1}.Release|Mixed Platforms.Build.0 = Release|Any CPU
		{C75532C4-765B-418E-B09B-46D36B2ABDB1}.Release|Win32.ActiveCfg = Release|Any CPU
		{C75532C4-765B-418E-B09B-46D36B2ABDB1}.Release|Win32.Build.0 = Release|Any CPU
		{C75532C4-765B-418E-B09B-46D36B2ABDB1}.Release|x64.ActiveCfg = Release|Any CPU
		{C75532C4-765B-418E-B09B-46D36B2ABDB1}.Release|x64.Build.0 = Release|Any CPU
		{BEEB44C7-58E6-4B60-AE57-FB4B6C8BB43B}.Debug|Any CPU.ActiveCfg = Debug|Any CPU
		{BEEB44C7-58E6-4B60-AE57-FB4B6C8BB43B}.Debug|Any CPU.Build.0 = Debug|Any CPU
		{BEEB44C7-58E6-4B60-AE57-FB4B6C8BB43B}.Debug|Mixed Platforms.ActiveCfg = Debug|Any CPU
		{BEEB44C7-58E6-4B60-AE57-FB4B6C8BB43B}.Debug|Mixed Platforms.Build.0 = Debug|Any CPU
		{BEEB44C7-58E6-4B60-AE57-FB4B6C8BB43B}.Debug|Win32.ActiveCfg = Debug|Any CPU
		{BEEB44C7-58E6-4B60-AE57-FB4B6C8BB43B}.Debug|Win32.Build.0 = Debug|Any CPU
		{BEEB44C7-58E6-4B60-AE57-FB4B6C8BB43B}.Debug|x64.ActiveCfg = Debug|Any CPU
		{BEEB44C7-58E6-4B60-AE57-FB4B6C8BB43B}.Debug|x64.Build.0 = Debug|Any CPU
		{BEEB44C7-58E6-4B60-AE57-FB4B6C8BB43B}.Release|Any CPU.ActiveCfg = Release|Any CPU
		{BEEB44C7-58E6-4B60-AE57-FB4B6C8BB43B}.Release|Any CPU.Build.0 = Release|Any CPU
		{BEEB44C7-58E6-4B60-AE57-FB4B6C8BB43B}.Release|Mixed Platforms.ActiveCfg = Release|Any CPU
		{BEEB44C7-58E6-4B60-AE57-FB4B6C8BB43B}.Release|Mixed Platforms.Build.0 = Release|Any CPU
		{BEEB44C7-58E6-4B60-AE57-FB4B6C8BB43B}.Release|Win32.ActiveCfg = Release|Any CPU
		{BEEB44C7-58E6-4B60-AE57-FB4B6C8BB43B}.Release|Win32.Build.0 = Release|Any CPU
		{BEEB44C7-58E6-4B60-AE57-FB4B6C8BB43B}.Release|x64.ActiveCfg = Release|Any CPU
		{BEEB44C7-58E6-4B60-AE57-FB4B6C8BB43B}.Release|x64.Build.0 = Release|Any CPU
		{C3D1DEAA-4369-4036-B35C-48BBB30BE87B}.Debug|Any CPU.ActiveCfg = Debug|Any CPU
		{C3D1DEAA-4369-4036-B35C-48BBB30BE87B}.Debug|Any CPU.Build.0 = Debug|Any CPU
		{C3D1DEAA-4369-4036-B35C-48BBB30BE87B}.Debug|Mixed Platforms.ActiveCfg = Debug|Any CPU
		{C3D1DEAA-4369-4036-B35C-48BBB30BE87B}.Debug|Mixed Platforms.Build.0 = Debug|Any CPU
		{C3D1DEAA-4369-4036-B35C-48BBB30BE87B}.Debug|Win32.ActiveCfg = Debug|Any CPU
		{C3D1DEAA-4369-4036-B35C-48BBB30BE87B}.Debug|Win32.Build.0 = Debug|Any CPU
		{C3D1DEAA-4369-4036-B35C-48BBB30BE87B}.Debug|x64.ActiveCfg = Debug|Any CPU
		{C3D1DEAA-4369-4036-B35C-48BBB30BE87B}.Debug|x64.Build.0 = Debug|Any CPU
		{C3D1DEAA-4369-4036-B35C-48BBB30BE87B}.Release|Any CPU.ActiveCfg = Release|Any CPU
		{C3D1DEAA-4369-4036-B35C-48BBB30BE87B}.Release|Any CPU.Build.0 = Release|Any CPU
		{C3D1DEAA-4369-4036-B35C-48BBB30BE87B}.Release|Mixed Platforms.ActiveCfg = Release|Any CPU
		{C3D1DEAA-4369-4036-B35C-48BBB30BE87B}.Release|Mixed Platforms.Build.0 = Release|Any CPU
		{C3D1DEAA-4369-4036-B35C-48BBB30BE87B}.Release|Win32.ActiveCfg = Release|Any CPU
		{C3D1DEAA-4369-4036-B35C-48BBB30BE87B}.Release|Win32.Build.0 = Release|Any CPU
		{C3D1DEAA-4369-4036-B35C-48BBB30BE87B}.Release|x64.ActiveCfg = Release|Any CPU
		{C3D1DEAA-4369-4036-B35C-48BBB30BE87B}.Release|x64.Build.0 = Release|Any CPU
		{8290C956-3875-43A1-8EFF-6788A5EE4B4A}.Debug|Any CPU.ActiveCfg = Debug|Any CPU
		{8290C956-3875-43A1-8EFF-6788A5EE4B4A}.Debug|Any CPU.Build.0 = Debug|Any CPU
		{8290C956-3875-43A1-8EFF-6788A5EE4B4A}.Debug|Mixed Platforms.ActiveCfg = Debug|Any CPU
		{8290C956-3875-43A1-8EFF-6788A5EE4B4A}.Debug|Mixed Platforms.Build.0 = Debug|Any CPU
		{8290C956-3875-43A1-8EFF-6788A5EE4B4A}.Debug|Win32.ActiveCfg = Debug|Any CPU
		{8290C956-3875-43A1-8EFF-6788A5EE4B4A}.Debug|Win32.Build.0 = Debug|Any CPU
		{8290C956-3875-43A1-8EFF-6788A5EE4B4A}.Debug|x64.ActiveCfg = Debug|Any CPU
		{8290C956-3875-43A1-8EFF-6788A5EE4B4A}.Debug|x64.Build.0 = Debug|Any CPU
		{8290C956-3875-43A1-8EFF-6788A5EE4B4A}.Release|Any CPU.ActiveCfg = Release|Any CPU
		{8290C956-3875-43A1-8EFF-6788A5EE4B4A}.Release|Any CPU.Build.0 = Release|Any CPU
		{8290C956-3875-43A1-8EFF-6788A5EE4B4A}.Release|Mixed Platforms.ActiveCfg = Release|Any CPU
		{8290C956-3875-43A1-8EFF-6788A5EE4B4A}.Release|Mixed Platforms.Build.0 = Release|Any CPU
		{8290C956-3875-43A1-8EFF-6788A5EE4B4A}.Release|Win32.ActiveCfg = Release|Any CPU
		{8290C956-3875-43A1-8EFF-6788A5EE4B4A}.Release|Win32.Build.0 = Release|Any CPU
		{8290C956-3875-43A1-8EFF-6788A5EE4B4A}.Release|x64.ActiveCfg = Release|Any CPU
		{8290C956-3875-43A1-8EFF-6788A5EE4B4A}.Release|x64.Build.0 = Release|Any CPU
	EndGlobalSection
	GlobalSection(SolutionProperties) = preSolution
		HideSolutionNode = FALSE
	EndGlobalSection
	GlobalSection(NestedProjects) = preSolution
		{DE22E2F7-F314-458E-8D17-223CD099B2F0} = {E0045896-61F8-4AA2-8A03-C7D2F7E58809}
		{326CC795-9695-4B8E-9EB4-5C7EA28B0344} = {97E9DCB2-6CD9-4ADC-A562-DCF43ED94480}
		{EA02C64D-1E2B-468E-A53C-4DBCD3EF9FF3} = {BA6C0547-E6F4-4BEC-AFB6-B0EDF4760FDB}
		{2A7574E4-10AC-42AD-97DE-1CC56F49D2C5} = {ECA92BDE-71AC-439F-80D5-4C10D2915CC5}
		{97E9DCB2-6CD9-4ADC-A562-DCF43ED94480} = {8DEE9CBE-EB22-4409-936B-4C09C9E7004D}
		{BA6C0547-E6F4-4BEC-AFB6-B0EDF4760FDB} = {8DEE9CBE-EB22-4409-936B-4C09C9E7004D}
		{AFC4B37B-70E3-4F47-9503-48672B0081AB} = {E0045896-61F8-4AA2-8A03-C7D2F7E58809}
		{C75532C4-765B-418E-B09B-46D36B2ABDB1} = {E0045896-61F8-4AA2-8A03-C7D2F7E58809}
		{BEEB44C7-58E6-4B60-AE57-FB4B6C8BB43B} = {ECA92BDE-71AC-439F-80D5-4C10D2915CC5}
		{C3D1DEAA-4369-4036-B35C-48BBB30BE87B} = {ECA92BDE-71AC-439F-80D5-4C10D2915CC5}
		{8290C956-3875-43A1-8EFF-6788A5EE4B4A} = {ECA92BDE-71AC-439F-80D5-4C10D2915CC5}
	EndGlobalSection
	GlobalSection(ExtensibilityGlobals) = postSolution
		SolutionGuid = {4098E713-FC13-4E24-A38B-FAAFB521B258}
	EndGlobalSection
EndGlobal
