
Microsoft Visual Studio Solution File, Format Version 12.00
# Visual Studio Version 17
VisualStudioVersion = 17.0.31808.319
MinimumVisualStudioVersion = 10.0.40219.1
Project("{FAE04EC0-301F-11D3-BF4B-00C04F79EFBC}") = "OpenCAGE", "OpenCAGE\OpenCAGE.csproj", "{DDFD51D4-A1E6-430D-BF4C-858378E74D56}"
	ProjectSection(ProjectDependencies) = postProject
		{31B51706-A73F-4E89-83F1-408BD8BD4B38} = {31B51706-A73F-4E89-83F1-408BD8BD4B38}
		{BF0129FD-2365-43B4-B578-7A93CB6274D6} = {BF0129FD-2365-43B4-B578-7A93CB6274D6}
		{EE8758A9-B971-44FE-8CFA-4D90885705FC} = {EE8758A9-B971-44FE-8CFA-4D90885705FC}
		{EFFCC270-4999-4077-A543-56CCCCE92147} = {EFFCC270-4999-4077-A543-56CCCCE92147}
	EndProjectSection
EndProject
Project("{9A19103F-16F7-4668-BE54-9A1E7A4F7556}") = "CathodeLib", "CathodeLib\CathodeLib\CathodeLib.csproj", "{31B51706-A73F-4E89-83F1-408BD8BD4B38}"
EndProject
Project("{FAE04EC0-301F-11D3-BF4B-00C04F79EFBC}") = "ST.Library.UI", "STNodeEditor\ST.Library.UI\ST.Library.UI.csproj", "{EFFCC270-4999-4077-A543-56CCCCE92147}"
EndProject
Project("{9A19103F-16F7-4668-BE54-9A1E7A4F7556}") = "WinFormsUI", "DockPanelSuite\WinFormsUI\WinFormsUI.csproj", "{BF0129FD-2365-43B4-B578-7A93CB6274D6}"
EndProject
Project("{9A19103F-16F7-4668-BE54-9A1E7A4F7556}") = "ThemeVS2015", "DockPanelSuite\WinFormsUI\ThemeVS2015.csproj", "{EE8758A9-B971-44FE-8CFA-4D90885705FC}"
EndProject
Project("{2150E333-8FDC-42A3-9474-1A3956D46DE8}") = "UI Libraries", "UI Libraries", "{E3FE99DC-7DA5-4F3D-A077-9DFF708D92FE}"
EndProject
Project("{FAE04EC0-301F-11D3-BF4B-00C04F79EFBC}") = "CinematicToolsInjector", "OpenCAGE\CinematicToolsInjector\CinematicToolsInjector.csproj", "{B1F4B3E0-2928-4DCE-AE53-BE4423CE0B01}"
EndProject
Project("{2150E333-8FDC-42A3-9474-1A3956D46DE8}") = "Tools", "Tools", "{02EA681E-C7D8-13C7-8484-4AC65E1B71E8}"
EndProject
Project("{FAE04EC0-301F-11D3-BF4B-00C04F79EFBC}") = "Packager", "Packager\Packager.csproj", "{8290C956-3875-43A1-8EFF-6788A5EE4B4A}"
EndProject
Project("{FAE04EC0-301F-11D3-BF4B-00C04F79EFBC}") = "Downloader", "Downloader\Downloader.csproj", "{5E86AD18-440F-4F84-B2A7-A352EC937B60}"
EndProject
Global
	GlobalSection(SolutionConfigurationPlatforms) = preSolution
		Debug|Any CPU = Debug|Any CPU
		Debug|x64 = Debug|x64
		Debug|x86 = Debug|x86
		Release|Any CPU = Release|Any CPU
		Release|x64 = Release|x64
		Release|x86 = Release|x86
		Ship|Any CPU = Ship|Any CPU
		Ship|x64 = Ship|x64
		Ship|x86 = Ship|x86
	EndGlobalSection
	GlobalSection(ProjectConfigurationPlatforms) = postSolution
		{DDFD51D4-A1E6-430D-BF4C-858378E74D56}.Debug|Any CPU.ActiveCfg = Debug|Any CPU
		{DDFD51D4-A1E6-430D-BF4C-858378E74D56}.Debug|Any CPU.Build.0 = Debug|Any CPU
		{DDFD51D4-A1E6-430D-BF4C-858378E74D56}.Debug|x64.ActiveCfg = Debug|Any CPU
		{DDFD51D4-A1E6-430D-BF4C-858378E74D56}.Debug|x64.Build.0 = Debug|Any CPU
		{DDFD51D4-A1E6-430D-BF4C-858378E74D56}.Debug|x86.ActiveCfg = Debug|Any CPU
		{DDFD51D4-A1E6-430D-BF4C-858378E74D56}.Debug|x86.Build.0 = Debug|Any CPU
		{DDFD51D4-A1E6-430D-BF4C-858378E74D56}.Release|Any CPU.ActiveCfg = Release|Any CPU
		{DDFD51D4-A1E6-430D-BF4C-858378E74D56}.Release|Any CPU.Build.0 = Release|Any CPU
		{DDFD51D4-A1E6-430D-BF4C-858378E74D56}.Release|x64.ActiveCfg = Release|Any CPU
		{DDFD51D4-A1E6-430D-BF4C-858378E74D56}.Release|x64.Build.0 = Release|Any CPU
		{DDFD51D4-A1E6-430D-BF4C-858378E74D56}.Release|x86.ActiveCfg = Release|Any CPU
		{DDFD51D4-A1E6-430D-BF4C-858378E74D56}.Release|x86.Build.0 = Release|Any CPU
		{DDFD51D4-A1E6-430D-BF4C-858378E74D56}.Ship|Any CPU.ActiveCfg = Ship|Any CPU
		{DDFD51D4-A1E6-430D-BF4C-858378E74D56}.Ship|Any CPU.Build.0 = Ship|Any CPU
		{DDFD51D4-A1E6-430D-BF4C-858378E74D56}.Ship|x64.ActiveCfg = Ship|Any CPU
		{DDFD51D4-A1E6-430D-BF4C-858378E74D56}.Ship|x64.Build.0 = Ship|Any CPU
		{DDFD51D4-A1E6-430D-BF4C-858378E74D56}.Ship|x86.ActiveCfg = Ship|Any CPU
		{DDFD51D4-A1E6-430D-BF4C-858378E74D56}.Ship|x86.Build.0 = Ship|Any CPU
		{31B51706-A73F-4E89-83F1-408BD8BD4B38}.Debug|Any CPU.ActiveCfg = Debug|Any CPU
		{31B51706-A73F-4E89-83F1-408BD8BD4B38}.Debug|Any CPU.Build.0 = Debug|Any CPU
		{31B51706-A73F-4E89-83F1-408BD8BD4B38}.Debug|x64.ActiveCfg = Debug|Any CPU
		{31B51706-A73F-4E89-83F1-408BD8BD4B38}.Debug|x64.Build.0 = Debug|Any CPU
		{31B51706-A73F-4E89-83F1-408BD8BD4B38}.Debug|x86.ActiveCfg = Debug|Any CPU
		{31B51706-A73F-4E89-83F1-408BD8BD4B38}.Debug|x86.Build.0 = Debug|Any CPU
		{31B51706-A73F-4E89-83F1-408BD8BD4B38}.Release|Any CPU.ActiveCfg = Release|Any CPU
		{31B51706-A73F-4E89-83F1-408BD8BD4B38}.Release|Any CPU.Build.0 = Release|Any CPU
		{31B51706-A73F-4E89-83F1-408BD8BD4B38}.Release|x64.ActiveCfg = Release|Any CPU
		{31B51706-A73F-4E89-83F1-408BD8BD4B38}.Release|x64.Build.0 = Release|Any CPU
		{31B51706-A73F-4E89-83F1-408BD8BD4B38}.Release|x86.ActiveCfg = Release|Any CPU
		{31B51706-A73F-4E89-83F1-408BD8BD4B38}.Release|x86.Build.0 = Release|Any CPU
		{31B51706-A73F-4E89-83F1-408BD8BD4B38}.Ship|Any CPU.ActiveCfg = Ship|Any CPU
		{31B51706-A73F-4E89-83F1-408BD8BD4B38}.Ship|Any CPU.Build.0 = Ship|Any CPU
		{31B51706-A73F-4E89-83F1-408BD8BD4B38}.Ship|x64.ActiveCfg = Ship|Any CPU
		{31B51706-A73F-4E89-83F1-408BD8BD4B38}.Ship|x64.Build.0 = Ship|Any CPU
		{31B51706-A73F-4E89-83F1-408BD8BD4B38}.Ship|x86.ActiveCfg = Ship|Any CPU
		{31B51706-A73F-4E89-83F1-408BD8BD4B38}.Ship|x86.Build.0 = Ship|Any CPU
		{EFFCC270-4999-4077-A543-56CCCCE92147}.Debug|Any CPU.ActiveCfg = Debug|Any CPU
		{EFFCC270-4999-4077-A543-56CCCCE92147}.Debug|Any CPU.Build.0 = Debug|Any CPU
		{EFFCC270-4999-4077-A543-56CCCCE92147}.Debug|x64.ActiveCfg = Debug|Any CPU
		{EFFCC270-4999-4077-A543-56CCCCE92147}.Debug|x64.Build.0 = Debug|Any CPU
		{EFFCC270-4999-4077-A543-56CCCCE92147}.Debug|x86.ActiveCfg = Debug|Any CPU
		{EFFCC270-4999-4077-A543-56CCCCE92147}.Debug|x86.Build.0 = Debug|Any CPU
		{EFFCC270-4999-4077-A543-56CCCCE92147}.Release|Any CPU.ActiveCfg = Release|Any CPU
		{EFFCC270-4999-4077-A543-56CCCCE92147}.Release|Any CPU.Build.0 = Release|Any CPU
		{EFFCC270-4999-4077-A543-56CCCCE92147}.Release|x64.ActiveCfg = Release|Any CPU
		{EFFCC270-4999-4077-A543-56CCCCE92147}.Release|x64.Build.0 = Release|Any CPU
		{EFFCC270-4999-4077-A543-56CCCCE92147}.Release|x86.ActiveCfg = Release|Any CPU
		{EFFCC270-4999-4077-A543-56CCCCE92147}.Release|x86.Build.0 = Release|Any CPU
		{EFFCC270-4999-4077-A543-56CCCCE92147}.Ship|Any CPU.ActiveCfg = Ship|Any CPU
		{EFFCC270-4999-4077-A543-56CCCCE92147}.Ship|Any CPU.Build.0 = Ship|Any CPU
		{EFFCC270-4999-4077-A543-56CCCCE92147}.Ship|x64.ActiveCfg = Ship|Any CPU
		{EFFCC270-4999-4077-A543-56CCCCE92147}.Ship|x64.Build.0 = Ship|Any CPU
		{EFFCC270-4999-4077-A543-56CCCCE92147}.Ship|x86.ActiveCfg = Ship|Any CPU
		{EFFCC270-4999-4077-A543-56CCCCE92147}.Ship|x86.Build.0 = Ship|Any CPU
		{BF0129FD-2365-43B4-B578-7A93CB6274D6}.Debug|Any CPU.ActiveCfg = Debug|Any CPU
		{BF0129FD-2365-43B4-B578-7A93CB6274D6}.Debug|Any CPU.Build.0 = Debug|Any CPU
		{BF0129FD-2365-43B4-B578-7A93CB6274D6}.Debug|x64.ActiveCfg = Debug|Any CPU
		{BF0129FD-2365-43B4-B578-7A93CB6274D6}.Debug|x64.Build.0 = Debug|Any CPU
		{BF0129FD-2365-43B4-B578-7A93CB6274D6}.Debug|x86.ActiveCfg = Debug|Any CPU
		{BF0129FD-2365-43B4-B578-7A93CB6274D6}.Debug|x86.Build.0 = Debug|Any CPU
		{BF0129FD-2365-43B4-B578-7A93CB6274D6}.Release|Any CPU.ActiveCfg = Release|Any CPU
		{BF0129FD-2365-43B4-B578-7A93CB6274D6}.Release|Any CPU.Build.0 = Release|Any CPU
		{BF0129FD-2365-43B4-B578-7A93CB6274D6}.Release|x64.ActiveCfg = Release|Any CPU
		{BF0129FD-2365-43B4-B578-7A93CB6274D6}.Release|x64.Build.0 = Release|Any CPU
		{BF0129FD-2365-43B4-B578-7A93CB6274D6}.Release|x86.ActiveCfg = Release|Any CPU
		{BF0129FD-2365-43B4-B578-7A93CB6274D6}.Release|x86.Build.0 = Release|Any CPU
		{BF0129FD-2365-43B4-B578-7A93CB6274D6}.Ship|Any CPU.ActiveCfg = Ship|Any CPU
		{BF0129FD-2365-43B4-B578-7A93CB6274D6}.Ship|Any CPU.Build.0 = Ship|Any CPU
		{BF0129FD-2365-43B4-B578-7A93CB6274D6}.Ship|x64.ActiveCfg = Ship|Any CPU
		{BF0129FD-2365-43B4-B578-7A93CB6274D6}.Ship|x64.Build.0 = Ship|Any CPU
		{BF0129FD-2365-43B4-B578-7A93CB6274D6}.Ship|x86.ActiveCfg = Ship|Any CPU
		{BF0129FD-2365-43B4-B578-7A93CB6274D6}.Ship|x86.Build.0 = Ship|Any CPU
		{EE8758A9-B971-44FE-8CFA-4D90885705FC}.Debug|Any CPU.ActiveCfg = Debug|Any CPU
		{EE8758A9-B971-44FE-8CFA-4D90885705FC}.Debug|Any CPU.Build.0 = Debug|Any CPU
		{EE8758A9-B971-44FE-8CFA-4D90885705FC}.Debug|x64.ActiveCfg = Debug|Any CPU
		{EE8758A9-B971-44FE-8CFA-4D90885705FC}.Debug|x64.Build.0 = Debug|Any CPU
		{EE8758A9-B971-44FE-8CFA-4D90885705FC}.Debug|x86.ActiveCfg = Debug|Any CPU
		{EE8758A9-B971-44FE-8CFA-4D90885705FC}.Debug|x86.Build.0 = Debug|Any CPU
		{EE8758A9-B971-44FE-8CFA-4D90885705FC}.Release|Any CPU.ActiveCfg = Release|Any CPU
		{EE8758A9-B971-44FE-8CFA-4D90885705FC}.Release|Any CPU.Build.0 = Release|Any CPU
		{EE8758A9-B971-44FE-8CFA-4D90885705FC}.Release|x64.ActiveCfg = Release|Any CPU
		{EE8758A9-B971-44FE-8CFA-4D90885705FC}.Release|x64.Build.0 = Release|Any CPU
		{EE8758A9-B971-44FE-8CFA-4D90885705FC}.Release|x86.ActiveCfg = Release|Any CPU
		{EE8758A9-B971-44FE-8CFA-4D90885705FC}.Release|x86.Build.0 = Release|Any CPU
		{EE8758A9-B971-44FE-8CFA-4D90885705FC}.Ship|Any CPU.ActiveCfg = Ship|Any CPU
		{EE8758A9-B971-44FE-8CFA-4D90885705FC}.Ship|Any CPU.Build.0 = Ship|Any CPU
		{EE8758A9-B971-44FE-8CFA-4D90885705FC}.Ship|x64.ActiveCfg = Ship|Any CPU
		{EE8758A9-B971-44FE-8CFA-4D90885705FC}.Ship|x64.Build.0 = Ship|Any CPU
		{EE8758A9-B971-44FE-8CFA-4D90885705FC}.Ship|x86.ActiveCfg = Ship|Any CPU
		{EE8758A9-B971-44FE-8CFA-4D90885705FC}.Ship|x86.Build.0 = Ship|Any CPU
		{B1F4B3E0-2928-4DCE-AE53-BE4423CE0B01}.Debug|Any CPU.ActiveCfg = Debug|Any CPU
		{B1F4B3E0-2928-4DCE-AE53-BE4423CE0B01}.Debug|Any CPU.Build.0 = Debug|Any CPU
		{B1F4B3E0-2928-4DCE-AE53-BE4423CE0B01}.Debug|x64.ActiveCfg = Debug|Any CPU
		{B1F4B3E0-2928-4DCE-AE53-BE4423CE0B01}.Debug|x64.Build.0 = Debug|Any CPU
		{B1F4B3E0-2928-4DCE-AE53-BE4423CE0B01}.Debug|x86.ActiveCfg = Debug|Any CPU
		{B1F4B3E0-2928-4DCE-AE53-BE4423CE0B01}.Debug|x86.Build.0 = Debug|Any CPU
		{B1F4B3E0-2928-4DCE-AE53-BE4423CE0B01}.Release|Any CPU.ActiveCfg = Release|Any CPU
		{B1F4B3E0-2928-4DCE-AE53-BE4423CE0B01}.Release|Any CPU.Build.0 = Release|Any CPU
		{B1F4B3E0-2928-4DCE-AE53-BE4423CE0B01}.Release|x64.ActiveCfg = Release|Any CPU
		{B1F4B3E0-2928-4DCE-AE53-BE4423CE0B01}.Release|x64.Build.0 = Release|Any CPU
		{B1F4B3E0-2928-4DCE-AE53-BE4423CE0B01}.Release|x86.ActiveCfg = Release|Any CPU
		{B1F4B3E0-2928-4DCE-AE53-BE4423CE0B01}.Release|x86.Build.0 = Release|Any CPU
		{B1F4B3E0-2928-4DCE-AE53-BE4423CE0B01}.Ship|Any CPU.ActiveCfg = Ship|Any CPU
		{B1F4B3E0-2928-4DCE-AE53-BE4423CE0B01}.Ship|Any CPU.Build.0 = Ship|Any CPU
		{B1F4B3E0-2928-4DCE-AE53-BE4423CE0B01}.Ship|x64.ActiveCfg = Ship|Any CPU
		{B1F4B3E0-2928-4DCE-AE53-BE4423CE0B01}.Ship|x64.Build.0 = Ship|Any CPU
		{B1F4B3E0-2928-4DCE-AE53-BE4423CE0B01}.Ship|x86.ActiveCfg = Ship|Any CPU
		{B1F4B3E0-2928-4DCE-AE53-BE4423CE0B01}.Ship|x86.Build.0 = Ship|Any CPU
		{8290C956-3875-43A1-8EFF-6788A5EE4B4A}.Debug|Any CPU.ActiveCfg = Debug|Any CPU
		{8290C956-3875-43A1-8EFF-6788A5EE4B4A}.Debug|Any CPU.Build.0 = Debug|Any CPU
		{8290C956-3875-43A1-8EFF-6788A5EE4B4A}.Debug|x64.ActiveCfg = Debug|Any CPU
		{8290C956-3875-43A1-8EFF-6788A5EE4B4A}.Debug|x64.Build.0 = Debug|Any CPU
		{8290C956-3875-43A1-8EFF-6788A5EE4B4A}.Debug|x86.ActiveCfg = Debug|Any CPU
		{8290C956-3875-43A1-8EFF-6788A5EE4B4A}.Debug|x86.Build.0 = Debug|Any CPU
		{8290C956-3875-43A1-8EFF-6788A5EE4B4A}.Release|Any CPU.ActiveCfg = Release|Any CPU
		{8290C956-3875-43A1-8EFF-6788A5EE4B4A}.Release|Any CPU.Build.0 = Release|Any CPU
		{8290C956-3875-43A1-8EFF-6788A5EE4B4A}.Release|x64.ActiveCfg = Release|Any CPU
		{8290C956-3875-43A1-8EFF-6788A5EE4B4A}.Release|x64.Build.0 = Release|Any CPU
		{8290C956-3875-43A1-8EFF-6788A5EE4B4A}.Release|x86.ActiveCfg = Release|Any CPU
		{8290C956-3875-43A1-8EFF-6788A5EE4B4A}.Release|x86.Build.0 = Release|Any CPU
		{8290C956-3875-43A1-8EFF-6788A5EE4B4A}.Ship|Any CPU.ActiveCfg = Debug|Any CPU
		{8290C956-3875-43A1-8EFF-6788A5EE4B4A}.Ship|Any CPU.Build.0 = Debug|Any CPU
		{8290C956-3875-43A1-8EFF-6788A5EE4B4A}.Ship|x64.ActiveCfg = Debug|Any CPU
		{8290C956-3875-43A1-8EFF-6788A5EE4B4A}.Ship|x64.Build.0 = Debug|Any CPU
		{8290C956-3875-43A1-8EFF-6788A5EE4B4A}.Ship|x86.ActiveCfg = Debug|Any CPU
		{8290C956-3875-43A1-8EFF-6788A5EE4B4A}.Ship|x86.Build.0 = Debug|Any CPU
		{5E86AD18-440F-4F84-B2A7-A352EC937B60}.Debug|Any CPU.ActiveCfg = Debug|Any CPU
		{5E86AD18-440F-4F84-B2A7-A352EC937B60}.Debug|Any CPU.Build.0 = Debug|Any CPU
		{5E86AD18-440F-4F84-B2A7-A352EC937B60}.Debug|x64.ActiveCfg = Debug|Any CPU
		{5E86AD18-440F-4F84-B2A7-A352EC937B60}.Debug|x64.Build.0 = Debug|Any CPU
		{5E86AD18-440F-4F84-B2A7-A352EC937B60}.Debug|x86.ActiveCfg = Debug|Any CPU
		{5E86AD18-440F-4F84-B2A7-A352EC937B60}.Debug|x86.Build.0 = Debug|Any CPU
		{5E86AD18-440F-4F84-B2A7-A352EC937B60}.Release|Any CPU.ActiveCfg = Release|Any CPU
		{5E86AD18-440F-4F84-B2A7-A352EC937B60}.Release|Any CPU.Build.0 = Release|Any CPU
		{5E86AD18-440F-4F84-B2A7-A352EC937B60}.Release|x64.ActiveCfg = Release|Any CPU
		{5E86AD18-440F-4F84-B2A7-A352EC937B60}.Release|x64.Build.0 = Release|Any CPU
		{5E86AD18-440F-4F84-B2A7-A352EC937B60}.Release|x86.ActiveCfg = Release|Any CPU
		{5E86AD18-440F-4F84-B2A7-A352EC937B60}.Release|x86.Build.0 = Release|Any CPU
		{5E86AD18-440F-4F84-B2A7-A352EC937B60}.Ship|Any CPU.ActiveCfg = Debug|Any CPU
		{5E86AD18-440F-4F84-B2A7-A352EC937B60}.Ship|Any CPU.Build.0 = Debug|Any CPU
		{5E86AD18-440F-4F84-B2A7-A352EC937B60}.Ship|x64.ActiveCfg = Debug|Any CPU
		{5E86AD18-440F-4F84-B2A7-A352EC937B60}.Ship|x64.Build.0 = Debug|Any CPU
		{5E86AD18-440F-4F84-B2A7-A352EC937B60}.Ship|x86.ActiveCfg = Debug|Any CPU
		{5E86AD18-440F-4F84-B2A7-A352EC937B60}.Ship|x86.Build.0 = Debug|Any CPU
	EndGlobalSection
	GlobalSection(SolutionProperties) = preSolution
		HideSolutionNode = FALSE
	EndGlobalSection
	GlobalSection(NestedProjects) = preSolution
		{EFFCC270-4999-4077-A543-56CCCCE92147} = {E3FE99DC-7DA5-4F3D-A077-9DFF708D92FE}
		{BF0129FD-2365-43B4-B578-7A93CB6274D6} = {E3FE99DC-7DA5-4F3D-A077-9DFF708D92FE}
		{EE8758A9-B971-44FE-8CFA-4D90885705FC} = {E3FE99DC-7DA5-4F3D-A077-9DFF708D92FE}
		{B1F4B3E0-2928-4DCE-AE53-BE4423CE0B01} = {02EA681E-C7D8-13C7-8484-4AC65E1B71E8}
		{8290C956-3875-43A1-8EFF-6788A5EE4B4A} = {02EA681E-C7D8-13C7-8484-4AC65E1B71E8}
		{5E86AD18-440F-4F84-B2A7-A352EC937B60} = {02EA681E-C7D8-13C7-8484-4AC65E1B71E8}
	EndGlobalSection
	GlobalSection(ExtensibilityGlobals) = postSolution
		SolutionGuid = {9605BF33-2063-4EC8-BE66-FB48F8322502}
	EndGlobalSection
EndGlobal
